
Microsoft Visual Studio Solution File, Format Version 12.00
# Visual Studio Version 17
VisualStudioVersion = 17.4.33213.308
MinimumVisualStudioVersion = 10.0.40219.1
Project("{FAE04EC0-301F-11D3-BF4B-00C04F79EFBC}") = "lABA", "lABA\lABA.csproj", "{B4DBE56F-E172-4C53-9FBA-8713D6B5BFC0}"
EndProject
Global
	GlobalSection(SolutionConfigurationPlatforms) = preSolution
		Debug|Any CPU = Debug|Any CPU
		Release|Any CPU = Release|Any CPU
	EndGlobalSection
	GlobalSection(ProjectConfigurationPlatforms) = postSolution
		{B4DBE56F-E172-4C53-9FBA-8713D6B5BFC0}.Debug|Any CPU.ActiveCfg = Debug|Any CPU
		{B4DBE56F-E172-4C53-9FBA-8713D6B5BFC0}.Debug|Any CPU.Build.0 = Debug|Any CPU
		{B4DBE56F-E172-4C53-9FBA-8713D6B5BFC0}.Release|Any CPU.ActiveCfg = Release|Any CPU
		{B4DBE56F-E172-4C53-9FBA-8713D6B5BFC0}.Release|Any CPU.Build.0 = Release|Any CPU
	EndGlobalSection
	GlobalSection(SolutionProperties) = preSolution
		HideSolutionNode = FALSE
	EndGlobalSection
	GlobalSection(ExtensibilityGlobals) = postSolution
		SolutionGuid = {E2C0C19E-D693-4E9C-82EB-DB713E1951CB}
	EndGlobalSection
EndGlobal
